
Microsoft Visual Studio Solution File, Format Version 12.00
# Visual Studio Version 17
VisualStudioVersion = 17.14.36623.8 d17.14
MinimumVisualStudioVersion = 10.0.40219.1
Project("{8BC9CEB8-8B4A-11D0-8D11-00A0C91BC942}") = "Homework_251107_2", "Homework_251107_2\Homework_251107_2.vcxproj", "{404A0CC8-C90E-4C07-9402-F29F84DD7CFF}"
EndProject
Global
	GlobalSection(SolutionConfigurationPlatforms) = preSolution
		Debug|x64 = Debug|x64
		Debug|x86 = Debug|x86
		Release|x64 = Release|x64
		Release|x86 = Release|x86
	EndGlobalSection
	GlobalSection(ProjectConfigurationPlatforms) = postSolution
		{404A0CC8-C90E-4C07-9402-F29F84DD7CFF}.Debug|x64.ActiveCfg = Debug|x64
		{404A0CC8-C90E-4C07-9402-F29F84DD7CFF}.Debug|x64.Build.0 = Debug|x64
		{404A0CC8-C90E-4C07-9402-F29F84DD7CFF}.Debug|x86.ActiveCfg = Debug|Win32
		{404A0CC8-C90E-4C07-9402-F29F84DD7CFF}.Debug|x86.Build.0 = Debug|Win32
		{404A0CC8-C90E-4C07-9402-F29F84DD7CFF}.Release|x64.ActiveCfg = Release|x64
		{404A0CC8-C90E-4C07-9402-F29F84DD7CFF}.Release|x64.Build.0 = Release|x64
		{404A0CC8-C90E-4C07-9402-F29F84DD7CFF}.Release|x86.ActiveCfg = Release|Win32
		{404A0CC8-C90E-4C07-9402-F29F84DD7CFF}.Release|x86.Build.0 = Release|Win32
	EndGlobalSection
	GlobalSection(SolutionProperties) = preSolution
		HideSolutionNode = FALSE
	EndGlobalSection
	GlobalSection(ExtensibilityGlobals) = postSolution
		SolutionGuid = {5BF68E4A-4E93-430F-8D4E-666D4B01CA9E}
	EndGlobalSection
EndGlobal
